// !$*UTF8*$!
{
	archiveVersion = 1;
	classes = {
	};
	objectVersion = 46;
	objects = {

/* Begin PBXBuildFile section */
		AD23781919207AE700891F9C /* Foundation.framework in Frameworks */ = {isa = PBXBuildFile; fileRef = AD23781819207AE700891F9C /* Foundation.framework */; };
		AD23781B19207AE700891F9C /* CoreGraphics.framework in Frameworks */ = {isa = PBXBuildFile; fileRef = AD23781A19207AE700891F9C /* CoreGraphics.framework */; };
		AD23781D19207AE700891F9C /* UIKit.framework in Frameworks */ = {isa = PBXBuildFile; fileRef = AD23781C19207AE700891F9C /* UIKit.framework */; };
		AD23782319207AE700891F9C /* InfoPlist.strings in Resources */ = {isa = PBXBuildFile; fileRef = AD23782119207AE700891F9C /* InfoPlist.strings */; };
		AD23782519207AE700891F9C /* main.m in Sources */ = {isa = PBXBuildFile; fileRef = AD23782419207AE700891F9C /* main.m */; };
		AD23782919207AE700891F9C /* AppDelegate.m in Sources */ = {isa = PBXBuildFile; fileRef = AD23782819207AE700891F9C /* AppDelegate.m */; };
		AD23782C19207AE700891F9C /* Main.storyboard in Resources */ = {isa = PBXBuildFile; fileRef = AD23782A19207AE700891F9C /* Main.storyboard */; };
		AD23782F19207AE700891F9C /* ViewController.m in Sources */ = {isa = PBXBuildFile; fileRef = AD23782E19207AE700891F9C /* ViewController.m */; };
		AD23783119207AE700891F9C /* Images.xcassets in Resources */ = {isa = PBXBuildFile; fileRef = AD23783019207AE700891F9C /* Images.xcassets */; };
		AD23783819207AE700891F9C /* XCTest.framework in Frameworks */ = {isa = PBXBuildFile; fileRef = AD23783719207AE700891F9C /* XCTest.framework */; };
		AD23783919207AE700891F9C /* Foundation.framework in Frameworks */ = {isa = PBXBuildFile; fileRef = AD23781819207AE700891F9C /* Foundation.framework */; };
		AD23783A19207AE700891F9C /* UIKit.framework in Frameworks */ = {isa = PBXBuildFile; fileRef = AD23781C19207AE700891F9C /* UIKit.framework */; };
		AD23784219207AE700891F9C /* InfoPlist.strings in Resources */ = {isa = PBXBuildFile; fileRef = AD23784019207AE700891F9C /* InfoPlist.strings */; };
		AD23784419207AE700891F9C /* WeatherConditionTests.m in Sources */ = {isa = PBXBuildFile; fileRef = AD23784319207AE700891F9C /* WeatherConditionTests.m */; };
/* End PBXBuildFile section */

/* Begin PBXContainerItemProxy section */
		AD23783B19207AE700891F9C /* PBXContainerItemProxy */ = {
			isa = PBXContainerItemProxy;
			containerPortal = AD23780D19207AE700891F9C /* Project object */;
			proxyType = 1;
			remoteGlobalIDString = AD23781419207AE700891F9C;
			remoteInfo = WeatherCondition;
		};
/* End PBXContainerItemProxy section */

/* Begin PBXFileReference section */
		AD23781519207AE700891F9C /* WeatherCondition.app */ = {isa = PBXFileReference; explicitFileType = wrapper.application; includeInIndex = 0; path = WeatherCondition.app; sourceTree = BUILT_PRODUCTS_DIR; };
		AD23781819207AE700891F9C /* Foundation.framework */ = {isa = PBXFileReference; lastKnownFileType = wrapper.framework; name = Foundation.framework; path = System/Library/Frameworks/Foundation.framework; sourceTree = SDKROOT; };
		AD23781A19207AE700891F9C /* CoreGraphics.framework */ = {isa = PBXFileReference; lastKnownFileType = wrapper.framework; name = CoreGraphics.framework; path = System/Library/Frameworks/CoreGraphics.framework; sourceTree = SDKROOT; };
		AD23781C19207AE700891F9C /* UIKit.framework */ = {isa = PBXFileReference; lastKnownFileType = wrapper.framework; name = UIKit.framework; path = System/Library/Frameworks/UIKit.framework; sourceTree = SDKROOT; };
		AD23782019207AE700891F9C /* WeatherCondition-Info.plist */ = {isa = PBXFileReference; lastKnownFileType = text.plist.xml; path = "WeatherCondition-Info.plist"; sourceTree = "<group>"; };
		AD23782219207AE700891F9C /* en */ = {isa = PBXFileReference; lastKnownFileType = text.plist.strings; name = en; path = en.lproj/InfoPlist.strings; sourceTree = "<group>"; };
		AD23782419207AE700891F9C /* main.m */ = {isa = PBXFileReference; lastKnownFileType = sourcecode.c.objc; path = main.m; sourceTree = "<group>"; };
		AD23782619207AE700891F9C /* WeatherCondition-Prefix.pch */ = {isa = PBXFileReference; lastKnownFileType = sourcecode.c.h; path = "WeatherCondition-Prefix.pch"; sourceTree = "<group>"; };
		AD23782719207AE700891F9C /* AppDelegate.h */ = {isa = PBXFileReference; lastKnownFileType = sourcecode.c.h; path = AppDelegate.h; sourceTree = "<group>"; };
		AD23782819207AE700891F9C /* AppDelegate.m */ = {isa = PBXFileReference; lastKnownFileType = sourcecode.c.objc; path = AppDelegate.m; sourceTree = "<group>"; };
		AD23782B19207AE700891F9C /* Base */ = {isa = PBXFileReference; lastKnownFileType = file.storyboard; name = Base; path = Base.lproj/Main.storyboard; sourceTree = "<group>"; };
		AD23782D19207AE700891F9C /* ViewController.h */ = {isa = PBXFileReference; lastKnownFileType = sourcecode.c.h; path = ViewController.h; sourceTree = "<group>"; };
		AD23782E19207AE700891F9C /* ViewController.m */ = {isa = PBXFileReference; lastKnownFileType = sourcecode.c.objc; path = ViewController.m; sourceTree = "<group>"; };
		AD23783019207AE700891F9C /* Images.xcassets */ = {isa = PBXFileReference; lastKnownFileType = folder.assetcatalog; path = Images.xcassets; sourceTree = "<group>"; };
		AD23783619207AE700891F9C /* WeatherConditionTests.xctest */ = {isa = PBXFileReference; explicitFileType = wrapper.cfbundle; includeInIndex = 0; path = WeatherConditionTests.xctest; sourceTree = BUILT_PRODUCTS_DIR; };
		AD23783719207AE700891F9C /* XCTest.framework */ = {isa = PBXFileReference; lastKnownFileType = wrapper.framework; name = XCTest.framework; path = Library/Frameworks/XCTest.framework; sourceTree = DEVELOPER_DIR; };
		AD23783F19207AE700891F9C /* WeatherConditionTests-Info.plist */ = {isa = PBXFileReference; lastKnownFileType = text.plist.xml; path = "WeatherConditionTests-Info.plist"; sourceTree = "<group>"; };
		AD23784119207AE700891F9C /* en */ = {isa = PBXFileReference; lastKnownFileType = text.plist.strings; name = en; path = en.lproj/InfoPlist.strings; sourceTree = "<group>"; };
		AD23784319207AE700891F9C /* WeatherConditionTests.m */ = {isa = PBXFileReference; lastKnownFileType = sourcecode.c.objc; path = WeatherConditionTests.m; sourceTree = "<group>"; };
/* End PBXFileReference section */

/* Begin PBXFrameworksBuildPhase section */
		AD23781219207AE700891F9C /* Frameworks */ = {
			isa = PBXFrameworksBuildPhase;
			buildActionMask = 2147483647;
			files = (
				AD23781B19207AE700891F9C /* CoreGraphics.framework in Frameworks */,
				AD23781D19207AE700891F9C /* UIKit.framework in Frameworks */,
				AD23781919207AE700891F9C /* Foundation.framework in Frameworks */,
			);
			runOnlyForDeploymentPostprocessing = 0;
		};
		AD23783319207AE700891F9C /* Frameworks */ = {
			isa = PBXFrameworksBuildPhase;
			buildActionMask = 2147483647;
			files = (
				AD23783819207AE700891F9C /* XCTest.framework in Frameworks */,
				AD23783A19207AE700891F9C /* UIKit.framework in Frameworks */,
				AD23783919207AE700891F9C /* Foundation.framework in Frameworks */,
			);
			runOnlyForDeploymentPostprocessing = 0;
		};
/* End PBXFrameworksBuildPhase section */

/* Begin PBXGroup section */
		AD23780C19207AE700891F9C = {
			isa = PBXGroup;
			children = (
				AD23781E19207AE700891F9C /* WeatherCondition */,
				AD23783D19207AE700891F9C /* WeatherConditionTests */,
				AD23781719207AE700891F9C /* Frameworks */,
				AD23781619207AE700891F9C /* Products */,
			);
			sourceTree = "<group>";
		};
		AD23781619207AE700891F9C /* Products */ = {
			isa = PBXGroup;
			children = (
				AD23781519207AE700891F9C /* WeatherCondition.app */,
				AD23783619207AE700891F9C /* WeatherConditionTests.xctest */,
			);
			name = Products;
			sourceTree = "<group>";
		};
		AD23781719207AE700891F9C /* Frameworks */ = {
			isa = PBXGroup;
			children = (
				AD23781819207AE700891F9C /* Foundation.framework */,
				AD23781A19207AE700891F9C /* CoreGraphics.framework */,
				AD23781C19207AE700891F9C /* UIKit.framework */,
				AD23783719207AE700891F9C /* XCTest.framework */,
			);
			name = Frameworks;
			sourceTree = "<group>";
		};
		AD23781E19207AE700891F9C /* WeatherCondition */ = {
			isa = PBXGroup;
			children = (
				AD23782719207AE700891F9C /* AppDelegate.h */,
				AD23782819207AE700891F9C /* AppDelegate.m */,
				AD23782A19207AE700891F9C /* Main.storyboard */,
				AD23782D19207AE700891F9C /* ViewController.h */,
				AD23782E19207AE700891F9C /* ViewController.m */,
				AD23783019207AE700891F9C /* Images.xcassets */,
				AD23781F19207AE700891F9C /* Supporting Files */,
			);
			path = WeatherCondition;
			sourceTree = "<group>";
		};
		AD23781F19207AE700891F9C /* Supporting Files */ = {
			isa = PBXGroup;
			children = (
				AD23782019207AE700891F9C /* WeatherCondition-Info.plist */,
				AD23782119207AE700891F9C /* InfoPlist.strings */,
				AD23782419207AE700891F9C /* main.m */,
				AD23782619207AE700891F9C /* WeatherCondition-Prefix.pch */,
			);
			name = "Supporting Files";
			sourceTree = "<group>";
		};
		AD23783D19207AE700891F9C /* WeatherConditionTests */ = {
			isa = PBXGroup;
			children = (
				AD23784319207AE700891F9C /* WeatherConditionTests.m */,
				AD23783E19207AE700891F9C /* Supporting Files */,
			);
			path = WeatherConditionTests;
			sourceTree = "<group>";
		};
		AD23783E19207AE700891F9C /* Supporting Files */ = {
			isa = PBXGroup;
			children = (
				AD23783F19207AE700891F9C /* WeatherConditionTests-Info.plist */,
				AD23784019207AE700891F9C /* InfoPlist.strings */,
			);
			name = "Supporting Files";
			sourceTree = "<group>";
		};
/* End PBXGroup section */

/* Begin PBXNativeTarget section */
		AD23781419207AE700891F9C /* WeatherCondition */ = {
			isa = PBXNativeTarget;
			buildConfigurationList = AD23784719207AE700891F9C /* Build configuration list for PBXNativeTarget "WeatherCondition" */;
			buildPhases = (
				AD23781119207AE700891F9C /* Sources */,
				AD23781219207AE700891F9C /* Frameworks */,
				AD23781319207AE700891F9C /* Resources */,
			);
			buildRules = (
			);
			dependencies = (
			);
			name = WeatherCondition;
			productName = WeatherCondition;
			productReference = AD23781519207AE700891F9C /* WeatherCondition.app */;
			productType = "com.apple.product-type.application";
		};
		AD23783519207AE700891F9C /* WeatherConditionTests */ = {
			isa = PBXNativeTarget;
			buildConfigurationList = AD23784A19207AE700891F9C /* Build configuration list for PBXNativeTarget "WeatherConditionTests" */;
			buildPhases = (
				AD23783219207AE700891F9C /* Sources */,
				AD23783319207AE700891F9C /* Frameworks */,
				AD23783419207AE700891F9C /* Resources */,
			);
			buildRules = (
			);
			dependencies = (
				AD23783C19207AE700891F9C /* PBXTargetDependency */,
			);
			name = WeatherConditionTests;
			productName = WeatherConditionTests;
			productReference = AD23783619207AE700891F9C /* WeatherConditionTests.xctest */;
			productType = "com.apple.product-type.bundle.unit-test";
		};
/* End PBXNativeTarget section */

/* Begin PBXProject section */
		AD23780D19207AE700891F9C /* Project object */ = {
			isa = PBXProject;
			attributes = {
				LastUpgradeCheck = 0510;
				ORGANIZATIONNAME = SkyStarStudio;
				TargetAttributes = {
					AD23783519207AE700891F9C = {
						TestTargetID = AD23781419207AE700891F9C;
					};
				};
			};
			buildConfigurationList = AD23781019207AE700891F9C /* Build configuration list for PBXProject "WeatherCondition" */;
			compatibilityVersion = "Xcode 3.2";
			developmentRegion = English;
			hasScannedForEncodings = 0;
			knownRegions = (
				en,
				Base,
			);
			mainGroup = AD23780C19207AE700891F9C;
			productRefGroup = AD23781619207AE700891F9C /* Products */;
			projectDirPath = "";
			projectRoot = "";
			targets = (
				AD23781419207AE700891F9C /* WeatherCondition */,
				AD23783519207AE700891F9C /* WeatherConditionTests */,
			);
		};
/* End PBXProject section */

/* Begin PBXResourcesBuildPhase section */
		AD23781319207AE700891F9C /* Resources */ = {
			isa = PBXResourcesBuildPhase;
			buildActionMask = 2147483647;
			files = (
				AD23783119207AE700891F9C /* Images.xcassets in Resources */,
				AD23782319207AE700891F9C /* InfoPlist.strings in Resources */,
				AD23782C19207AE700891F9C /* Main.storyboard in Resources */,
			);
			runOnlyForDeploymentPostprocessing = 0;
		};
		AD23783419207AE700891F9C /* Resources */ = {
			isa = PBXResourcesBuildPhase;
			buildActionMask = 2147483647;
			files = (
				AD23784219207AE700891F9C /* InfoPlist.strings in Resources */,
			);
			runOnlyForDeploymentPostprocessing = 0;
		};
/* End PBXResourcesBuildPhase section */

/* Begin PBXSourcesBuildPhase section */
		AD23781119207AE700891F9C /* Sources */ = {
			isa = PBXSourcesBuildPhase;
			buildActionMask = 2147483647;
			files = (
				AD23782F19207AE700891F9C /* ViewController.m in Sources */,
				AD23782919207AE700891F9C /* AppDelegate.m in Sources */,
				AD23782519207AE700891F9C /* main.m in Sources */,
			);
			runOnlyForDeploymentPostprocessing = 0;
		};
		AD23783219207AE700891F9C /* Sources */ = {
			isa = PBXSourcesBuildPhase;
			buildActionMask = 2147483647;
			files = (
				AD23784419207AE700891F9C /* WeatherConditionTests.m in Sources */,
			);
			runOnlyForDeploymentPostprocessing = 0;
		};
/* End PBXSourcesBuildPhase section */

/* Begin PBXTargetDependency section */
		AD23783C19207AE700891F9C /* PBXTargetDependency */ = {
			isa = PBXTargetDependency;
			target = AD23781419207AE700891F9C /* WeatherCondition */;
			targetProxy = AD23783B19207AE700891F9C /* PBXContainerItemProxy */;
		};
/* End PBXTargetDependency section */

/* Begin PBXVariantGroup section */
		AD23782119207AE700891F9C /* InfoPlist.strings */ = {
			isa = PBXVariantGroup;
			children = (
				AD23782219207AE700891F9C /* en */,
			);
			name = InfoPlist.strings;
			sourceTree = "<group>";
		};
		AD23782A19207AE700891F9C /* Main.storyboard */ = {
			isa = PBXVariantGroup;
			children = (
				AD23782B19207AE700891F9C /* Base */,
			);
			name = Main.storyboard;
			sourceTree = "<group>";
		};
		AD23784019207AE700891F9C /* InfoPlist.strings */ = {
			isa = PBXVariantGroup;
			children = (
				AD23784119207AE700891F9C /* en */,
			);
			name = InfoPlist.strings;
			sourceTree = "<group>";
		};
/* End PBXVariantGroup section */

/* Begin XCBuildConfiguration section */
		AD23784519207AE700891F9C /* Debug */ = {
			isa = XCBuildConfiguration;
			buildSettings = {
				ALWAYS_SEARCH_USER_PATHS = NO;
				CLANG_CXX_LANGUAGE_STANDARD = "gnu++0x";
				CLANG_CXX_LIBRARY = "libc++";
				CLANG_ENABLE_MODULES = YES;
				CLANG_ENABLE_OBJC_ARC = YES;
				CLANG_WARN_BOOL_CONVERSION = YES;
				CLANG_WARN_CONSTANT_CONVERSION = YES;
				CLANG_WARN_DIRECT_OBJC_ISA_USAGE = YES_ERROR;
				CLANG_WARN_EMPTY_BODY = YES;
				CLANG_WARN_ENUM_CONVERSION = YES;
				CLANG_WARN_INT_CONVERSION = YES;
				CLANG_WARN_OBJC_ROOT_CLASS = YES_ERROR;
				CLANG_WARN__DUPLICATE_METHOD_MATCH = YES;
				"CODE_SIGN_IDENTITY[sdk=iphoneos*]" = "iPhone Developer";
				COPY_PHASE_STRIP = NO;
				GCC_C_LANGUAGE_STANDARD = gnu99;
				GCC_DYNAMIC_NO_PIC = NO;
				GCC_OPTIMIZATION_LEVEL = 0;
				GCC_PREPROCESSOR_DEFINITIONS = (
					"DEBUG=1",
					"$(inherited)",
				);
				GCC_SYMBOLS_PRIVATE_EXTERN = NO;
				GCC_WARN_64_TO_32_BIT_CONVERSION = YES;
				GCC_WARN_ABOUT_RETURN_TYPE = YES_ERROR;
				GCC_WARN_UNDECLARED_SELECTOR = YES;
				GCC_WARN_UNINITIALIZED_AUTOS = YES_AGGRESSIVE;
				GCC_WARN_UNUSED_FUNCTION = YES;
				GCC_WARN_UNUSED_VARIABLE = YES;
				IPHONEOS_DEPLOYMENT_TARGET = 7.1;
				ONLY_ACTIVE_ARCH = YES;
				SDKROOT = iphoneos;
			};
			name = Debug;
		};
		AD23784619207AE700891F9C /* Release */ = {
			isa = XCBuildConfiguration;
			buildSettings = {
				ALWAYS_SEARCH_USER_PATHS = NO;
				CLANG_CXX_LANGUAGE_STANDARD = "gnu++0x";
				CLANG_CXX_LIBRARY = "libc++";
				CLANG_ENABLE_MODULES = YES;
				CLANG_ENABLE_OBJC_ARC = YES;
				CLANG_WARN_BOOL_CONVERSION = YES;
				CLANG_WARN_CONSTANT_CONVERSION = YES;
				CLANG_WARN_DIRECT_OBJC_ISA_USAGE = YES_ERROR;
				CLANG_WARN_EMPTY_BODY = YES;
				CLANG_WARN_ENUM_CONVERSION = YES;
				CLANG_WARN_INT_CONVERSION = YES;
				CLANG_WARN_OBJC_ROOT_CLASS = YES_ERROR;
				CLANG_WARN__DUPLICATE_METHOD_MATCH = YES;
				"CODE_SIGN_IDENTITY[sdk=iphoneos*]" = "iPhone Developer";
				COPY_PHASE_STRIP = YES;
				ENABLE_NS_ASSERTIONS = NO;
				GCC_C_LANGUAGE_STANDARD = gnu99;
				GCC_WARN_64_TO_32_BIT_CONVERSION = YES;
				GCC_WARN_ABOUT_RETURN_TYPE = YES_ERROR;
				GCC_WARN_UNDECLARED_SELECTOR = YES;
				GCC_WARN_UNINITIALIZED_AUTOS = YES_AGGRESSIVE;
				GCC_WARN_UNUSED_FUNCTION = YES;
				GCC_WARN_UNUSED_VARIABLE = YES;
				IPHONEOS_DEPLOYMENT_TARGET = 7.1;
				SDKROOT = iphoneos;
				VALIDATE_PRODUCT = YES;
			};
			name = Release;
		};
		AD23784819207AE700891F9C /* Debug */ = {
			isa = XCBuildConfiguration;
			buildSettings = {
				ASSETCATALOG_COMPILER_APPICON_NAME = AppIcon;
				ASSETCATALOG_COMPILER_LAUNCHIMAGE_NAME = LaunchImage;
				GCC_PRECOMPILE_PREFIX_HEADER = YES;
				GCC_PREFIX_HEADER = "WeatherCondition/WeatherCondition-Prefix.pch";
				INFOPLIST_FILE = "WeatherCondition/WeatherCondition-Info.plist";
				PRODUCT_NAME = "$(TARGET_NAME)";
				WRAPPER_EXTENSION = app;
			};
			name = Debug;
		};
		AD23784919207AE700891F9C /* Release */ = {
			isa = XCBuildConfiguration;
			buildSettings = {
				ASSETCATALOG_COMPILER_APPICON_NAME = AppIcon;
				ASSETCATALOG_COMPILER_LAUNCHIMAGE_NAME = LaunchImage;
				GCC_PRECOMPILE_PREFIX_HEADER = YES;
				GCC_PREFIX_HEADER = "WeatherCondition/WeatherCondition-Prefix.pch";
				INFOPLIST_FILE = "WeatherCondition/WeatherCondition-Info.plist";
				PRODUCT_NAME = "$(TARGET_NAME)";
				WRAPPER_EXTENSION = app;
			};
			name = Release;
		};
		AD23784B19207AE700891F9C /* Debug */ = {
			isa = XCBuildConfiguration;
			buildSettings = {
				BUNDLE_LOADER = "$(BUILT_PRODUCTS_DIR)/WeatherCondition.app/WeatherCondition";
				FRAMEWORK_SEARCH_PATHS = (
					"$(SDKROOT)/Developer/Library/Frameworks",
					"$(inherited)",
					"$(DEVELOPER_FRAMEWORKS_DIR)",
				);
				GCC_PRECOMPILE_PREFIX_HEADER = YES;
				GCC_PREFIX_HEADER = "WeatherCondition/WeatherCondition-Prefix.pch";
				GCC_PREPROCESSOR_DEFINITIONS = (
					"DEBUG=1",
					"$(inherited)",
				);
				INFOPLIST_FILE = "WeatherConditionTests/WeatherConditionTests-Info.plist";
				PRODUCT_NAME = "$(TARGET_NAME)";
				TEST_HOST = "$(BUNDLE_LOADER)";
				WRAPPER_EXTENSION = xctest;
			};
			name = Debug;
		};
		AD23784C19207AE700891F9C /* Release */ = {
			isa = XCBuildConfiguration;
			buildSettings = {
				BUNDLE_LOADER = "$(BUILT_PRODUCTS_DIR)/WeatherCondition.app/WeatherCondition";
				FRAMEWORK_SEARCH_PATHS = (
					"$(SDKROOT)/Developer/Library/Frameworks",
					"$(inherited)",
					"$(DEVELOPER_FRAMEWORKS_DIR)",
				);
				GCC_PRECOMPILE_PREFIX_HEADER = YES;
				GCC_PREFIX_HEADER = "WeatherCondition/WeatherCondition-Prefix.pch";
				INFOPLIST_FILE = "WeatherConditionTests/WeatherConditionTests-Info.plist";
				PRODUCT_NAME = "$(TARGET_NAME)";
				TEST_HOST = "$(BUNDLE_LOADER)";
				WRAPPER_EXTENSION = xctest;
			};
			name = Release;
		};
/* End XCBuildConfiguration section */

/* Begin XCConfigurationList section */
		AD23781019207AE700891F9C /* Build configuration list for PBXProject "WeatherCondition" */ = {
			isa = XCConfigurationList;
			buildConfigurations = (
				AD23784519207AE700891F9C /* Debug */,
				AD23784619207AE700891F9C /* Release */,
			);
			defaultConfigurationIsVisible = 0;
			defaultConfigurationName = Release;
		};
		AD23784719207AE700891F9C /* Build configuration list for PBXNativeTarget "WeatherCondition" */ = {
			isa = XCConfigurationList;
			buildConfigurations = (
				AD23784819207AE700891F9C /* Debug */,
				AD23784919207AE700891F9C /* Release */,
			);
			defaultConfigurationIsVisible = 0;
		};
		AD23784A19207AE700891F9C /* Build configuration list for PBXNativeTarget "WeatherConditionTests" */ = {
			isa = XCConfigurationList;
			buildConfigurations = (
				AD23784B19207AE700891F9C /* Debug */,
				AD23784C19207AE700891F9C /* Release */,
			);
			defaultConfigurationIsVisible = 0;
		};
/* End XCConfigurationList section */
	};
	rootObject = AD23780D19207AE700891F9C /* Project object */;
}
